Microsoft Visual Studio Solution File, Format Version 12.00
# Visual Studio 15
VisualStudioVersion = 15.0.26730.16
MinimumVisualStudioVersion = 15.0.26124.0
Project("{9A19103F-16F7-4668-BE54-9A1E7A4F7556}") = "API", "API\API.csproj", "{431F1B89-1F11-4F6A-A680-3A85DAC90599}"
EndProject
Project("{9A19103F-16F7-4668-BE54-9A1E7A4F7556}") = "Business", "Business\Business.csproj", "{D981D2CB-9150-4763-8981-D8555AA7B6D6}"
EndProject
Project("{9A19103F-16F7-4668-BE54-9A1E7A4F7556}") = "Data", "Data\Data.csproj", "{93E62BA1-F155-49D6-B56F-C7E70251E724}"
EndProject
Project("{2150E333-8FDC-42A3-9474-1A3956D46DE8}") = "Shared", "Shared", "{D06D55C1-2E11-4162-9F60-792FAE7866C1}"
EndProject
Project("{9A19103F-16F7-4668-BE54-9A1E7A4F7556}") = "Entities", "Shared\Entities\Entities.csproj", "{F1503D1A-C4F3-4868-B7A8-BF6AF14AE0E5}"
EndProject
Project("{9A19103F-16F7-4668-BE54-9A1E7A4F7556}") = "Framework", "Shared\Framework\Framework.csproj", "{3E1F2519-3F2E-40EA-852B-BAFD91B346A3}"
EndProject
Project("{2150E333-8FDC-42A3-9474-1A3956D46DE8}") = "Web", "Web", "{25CBAAE6-0223-45B5-BD64-AE7D052D18F5}"
EndProject
Project("{9A19103F-16F7-4668-BE54-9A1E7A4F7556}") = "Process", "Web\Process\Process.csproj", "{7B48121E-53D6-4933-BD92-643443BFC66B}"
EndProject
Project("{9A19103F-16F7-4668-BE54-9A1E7A4F7556}") = "UI", "Web\UI\UI.csproj", "{73FF3DAA-9151-4872-AD6F-092481DB94E3}"
EndProject
Project("{9A19103F-16F7-4668-BE54-9A1E7A4F7556}") = "Services", "Web\Services\Services.csproj", "{D768EE7B-35EF-42D1-BD85-B7886BF96A08}"
EndProject
Global
	GlobalSection(SolutionConfigurationPlatforms) = preSolution
		Debug|Any CPU = Debug|Any CPU
		Debug|x64 = Debug|x64
		Debug|x86 = Debug|x86
		Release|Any CPU = Release|Any CPU
		Release|x64 = Release|x64
		Release|x86 = Release|x86
	EndGlobalSection
	GlobalSection(ProjectConfigurationPlatforms) = postSolution
		{431F1B89-1F11-4F6A-A680-3A85DAC90599}.Debug|Any CPU.ActiveCfg = Debug|Any CPU
		{431F1B89-1F11-4F6A-A680-3A85DAC90599}.Debug|Any CPU.Build.0 = Debug|Any CPU
		{431F1B89-1F11-4F6A-A680-3A85DAC90599}.Debug|x64.ActiveCfg = Debug|Any CPU
		{431F1B89-1F11-4F6A-A680-3A85DAC90599}.Debug|x64.Build.0 = Debug|Any CPU
		{431F1B89-1F11-4F6A-A680-3A85DAC90599}.Debug|x86.ActiveCfg = Debug|Any CPU
		{431F1B89-1F11-4F6A-A680-3A85DAC90599}.Debug|x86.Build.0 = Debug|Any CPU
		{431F1B89-1F11-4F6A-A680-3A85DAC90599}.Release|Any CPU.ActiveCfg = Release|Any CPU
		{431F1B89-1F11-4F6A-A680-3A85DAC90599}.Release|Any CPU.Build.0 = Release|Any CPU
		{431F1B89-1F11-4F6A-A680-3A85DAC90599}.Release|x64.ActiveCfg = Release|Any CPU
		{431F1B89-1F11-4F6A-A680-3A85DAC90599}.Release|x64.Build.0 = Release|Any CPU
		{431F1B89-1F11-4F6A-A680-3A85DAC90599}.Release|x86.ActiveCfg = Release|Any CPU
		{431F1B89-1F11-4F6A-A680-3A85DAC90599}.Release|x86.Build.0 = Release|Any CPU
		{D981D2CB-9150-4763-8981-D8555AA7B6D6}.Debug|Any CPU.ActiveCfg = Debug|Any CPU
		{D981D2CB-9150-4763-8981-D8555AA7B6D6}.Debug|Any CPU.Build.0 = Debug|Any CPU
		{D981D2CB-9150-4763-8981-D8555AA7B6D6}.Debug|x64.ActiveCfg = Debug|Any CPU
		{D981D2CB-9150-4763-8981-D8555AA7B6D6}.Debug|x64.Build.0 = Debug|Any CPU
		{D981D2CB-9150-4763-8981-D8555AA7B6D6}.Debug|x86.ActiveCfg = Debug|Any CPU
		{D981D2CB-9150-4763-8981-D8555AA7B6D6}.Debug|x86.Build.0 = Debug|Any CPU
		{D981D2CB-9150-4763-8981-D8555AA7B6D6}.Release|Any CPU.ActiveCfg = Release|Any CPU
		{D981D2CB-9150-4763-8981-D8555AA7B6D6}.Release|Any CPU.Build.0 = Release|Any CPU
		{D981D2CB-9150-4763-8981-D8555AA7B6D6}.Release|x64.ActiveCfg = Release|Any CPU
		{D981D2CB-9150-4763-8981-D8555AA7B6D6}.Release|x64.Build.0 = Release|Any CPU
		{D981D2CB-9150-4763-8981-D8555AA7B6D6}.Release|x86.ActiveCfg = Release|Any CPU
		{D981D2CB-9150-4763-8981-D8555AA7B6D6}.Release|x86.Build.0 = Release|Any CPU
		{93E62BA1-F155-49D6-B56F-C7E70251E724}.Debug|Any CPU.ActiveCfg = Debug|Any CPU
		{93E62BA1-F155-49D6-B56F-C7E70251E724}.Debug|Any CPU.Build.0 = Debug|Any CPU
		{93E62BA1-F155-49D6-B56F-C7E70251E724}.Debug|x64.ActiveCfg = Debug|Any CPU
		{93E62BA1-F155-49D6-B56F-C7E70251E724}.Debug|x64.Build.0 = Debug|Any CPU
		{93E62BA1-F155-49D6-B56F-C7E70251E724}.Debug|x86.ActiveCfg = Debug|Any CPU
		{93E62BA1-F155-49D6-B56F-C7E70251E724}.Debug|x86.Build.0 = Debug|Any CPU
		{93E62BA1-F155-49D6-B56F-C7E70251E724}.Release|Any CPU.ActiveCfg = Release|Any CPU
		{93E62BA1-F155-49D6-B56F-C7E70251E724}.Release|Any CPU.Build.0 = Release|Any CPU
		{93E62BA1-F155-49D6-B56F-C7E70251E724}.Release|x64.ActiveCfg = Release|Any CPU
		{93E62BA1-F155-49D6-B56F-C7E70251E724}.Release|x64.Build.0 = Release|Any CPU
		{93E62BA1-F155-49D6-B56F-C7E70251E724}.Release|x86.ActiveCfg = Release|Any CPU
		{93E62BA1-F155-49D6-B56F-C7E70251E724}.Release|x86.Build.0 = Release|Any CPU
		{F1503D1A-C4F3-4868-B7A8-BF6AF14AE0E5}.Debug|Any CPU.ActiveCfg = Debug|Any CPU
		{F1503D1A-C4F3-4868-B7A8-BF6AF14AE0E5}.Debug|Any CPU.Build.0 = Debug|Any CPU
		{F1503D1A-C4F3-4868-B7A8-BF6AF14AE0E5}.Debug|x64.ActiveCfg = Debug|Any CPU
		{F1503D1A-C4F3-4868-B7A8-BF6AF14AE0E5}.Debug|x64.Build.0 = Debug|Any CPU
		{F1503D1A-C4F3-4868-B7A8-BF6AF14AE0E5}.Debug|x86.ActiveCfg = Debug|Any CPU
		{F1503D1A-C4F3-4868-B7A8-BF6AF14AE0E5}.Debug|x86.Build.0 = Debug|Any CPU
		{F1503D1A-C4F3-4868-B7A8-BF6AF14AE0E5}.Release|Any CPU.ActiveCfg = Release|Any CPU
		{F1503D1A-C4F3-4868-B7A8-BF6AF14AE0E5}.Release|Any CPU.Build.0 = Release|Any CPU
		{F1503D1A-C4F3-4868-B7A8-BF6AF14AE0E5}.Release|x64.ActiveCfg = Release|Any CPU
		{F1503D1A-C4F3-4868-B7A8-BF6AF14AE0E5}.Release|x64.Build.0 = Release|Any CPU
		{F1503D1A-C4F3-4868-B7A8-BF6AF14AE0E5}.Release|x86.ActiveCfg = Release|Any CPU
		{F1503D1A-C4F3-4868-B7A8-BF6AF14AE0E5}.Release|x86.Build.0 = Release|Any CPU
		{3E1F2519-3F2E-40EA-852B-BAFD91B346A3}.Debug|Any CPU.ActiveCfg = Debug|Any CPU
		{3E1F2519-3F2E-40EA-852B-BAFD91B346A3}.Debug|Any CPU.Build.0 = Debug|Any CPU
		{3E1F2519-3F2E-40EA-852B-BAFD91B346A3}.Debug|x64.ActiveCfg = Debug|Any CPU
		{3E1F2519-3F2E-40EA-852B-BAFD91B346A3}.Debug|x64.Build.0 = Debug|Any CPU
		{3E1F2519-3F2E-40EA-852B-BAFD91B346A3}.Debug|x86.ActiveCfg = Debug|Any CPU
		{3E1F2519-3F2E-40EA-852B-BAFD91B346A3}.Debug|x86.Build.0 = Debug|Any CPU
		{3E1F2519-3F2E-40EA-852B-BAFD91B346A3}.Release|Any CPU.ActiveCfg = Release|Any CPU
		{3E1F2519-3F2E-40EA-852B-BAFD91B346A3}.Release|Any CPU.Build.0 = Release|Any CPU
		{3E1F2519-3F2E-40EA-852B-BAFD91B346A3}.Release|x64.ActiveCfg = Release|Any CPU
		{3E1F2519-3F2E-40EA-852B-BAFD91B346A3}.Release|x64.Build.0 = Release|Any CPU
		{3E1F2519-3F2E-40EA-852B-BAFD91B346A3}.Release|x86.ActiveCfg = Release|Any CPU
		{3E1F2519-3F2E-40EA-852B-BAFD91B346A3}.Release|x86.Build.0 = Release|Any CPU
		{7B48121E-53D6-4933-BD92-643443BFC66B}.Debug|Any CPU.ActiveCfg = Debug|Any CPU
		{7B48121E-53D6-4933-BD92-643443BFC66B}.Debug|Any CPU.Build.0 = Debug|Any CPU
		{7B48121E-53D6-4933-BD92-643443BFC66B}.Debug|x64.ActiveCfg = Debug|Any CPU
		{7B48121E-53D6-4933-BD92-643443BFC66B}.Debug|x64.Build.0 = Debug|Any CPU
		{7B48121E-53D6-4933-BD92-643443BFC66B}.Debug|x86.ActiveCfg = Debug|Any CPU
		{7B48121E-53D6-4933-BD92-643443BFC66B}.Debug|x86.Build.0 = Debug|Any CPU
		{7B48121E-53D6-4933-BD92-643443BFC66B}.Release|Any CPU.ActiveCfg = Release|Any CPU
		{7B48121E-53D6-4933-BD92-643443BFC66B}.Release|Any CPU.Build.0 = Release|Any CPU
		{7B48121E-53D6-4933-BD92-643443BFC66B}.Release|x64.ActiveCfg = Release|Any CPU
		{7B48121E-53D6-4933-BD92-643443BFC66B}.Release|x64.Build.0 = Release|Any CPU
		{7B48121E-53D6-4933-BD92-643443BFC66B}.Release|x86.ActiveCfg = Release|Any CPU
		{7B48121E-53D6-4933-BD92-643443BFC66B}.Release|x86.Build.0 = Release|Any CPU
		{73FF3DAA-9151-4872-AD6F-092481DB94E3}.Debug|Any CPU.ActiveCfg = Debug|Any CPU
		{73FF3DAA-9151-4872-AD6F-092481DB94E3}.Debug|Any CPU.Build.0 = Debug|Any CPU
		{73FF3DAA-9151-4872-AD6F-092481DB94E3}.Debug|x64.ActiveCfg = Debug|Any CPU
		{73FF3DAA-9151-4872-AD6F-092481DB94E3}.Debug|x64.Build.0 = Debug|Any CPU
		{73FF3DAA-9151-4872-AD6F-092481DB94E3}.Debug|x86.ActiveCfg = Debug|Any CPU
		{73FF3DAA-9151-4872-AD6F-092481DB94E3}.Debug|x86.Build.0 = Debug|Any CPU
		{73FF3DAA-9151-4872-AD6F-092481DB94E3}.Release|Any CPU.ActiveCfg = Release|Any CPU
		{73FF3DAA-9151-4872-AD6F-092481DB94E3}.Release|Any CPU.Build.0 = Release|Any CPU
		{73FF3DAA-9151-4872-AD6F-092481DB94E3}.Release|x64.ActiveCfg = Release|Any CPU
		{73FF3DAA-9151-4872-AD6F-092481DB94E3}.Release|x64.Build.0 = Release|Any CPU
		{73FF3DAA-9151-4872-AD6F-092481DB94E3}.Release|x86.ActiveCfg = Release|Any CPU
		{73FF3DAA-9151-4872-AD6F-092481DB94E3}.Release|x86.Build.0 = Release|Any CPU
		{D768EE7B-35EF-42D1-BD85-B7886BF96A08}.Debug|Any CPU.ActiveCfg = Debug|Any CPU
		{D768EE7B-35EF-42D1-BD85-B7886BF96A08}.Debug|Any CPU.Build.0 = Debug|Any CPU
		{D768EE7B-35EF-42D1-BD85-B7886BF96A08}.Debug|x64.ActiveCfg = Debug|Any CPU
		{D768EE7B-35EF-42D1-BD85-B7886BF96A08}.Debug|x64.Build.0 = Debug|Any CPU
		{D768EE7B-35EF-42D1-BD85-B7886BF96A08}.Debug|x86.ActiveCfg = Debug|Any CPU
		{D768EE7B-35EF-42D1-BD85-B7886BF96A08}.Debug|x86.Build.0 = Debug|Any CPU
		{D768EE7B-35EF-42D1-BD85-B7886BF96A08}.Release|Any CPU.ActiveCfg = Release|Any CPU
		{D768EE7B-35EF-42D1-BD85-B7886BF96A08}.Release|Any CPU.Build.0 = Release|Any CPU
		{D768EE7B-35EF-42D1-BD85-B7886BF96A08}.Release|x64.ActiveCfg = Release|Any CPU
		{D768EE7B-35EF-42D1-BD85-B7886BF96A08}.Release|x64.Build.0 = Release|Any CPU
		{D768EE7B-35EF-42D1-BD85-B7886BF96A08}.Release|x86.ActiveCfg = Release|Any CPU
		{D768EE7B-35EF-42D1-BD85-B7886BF96A08}.Release|x86.Build.0 = Release|Any CPU
	EndGlobalSection
	GlobalSection(SolutionProperties) = preSolution
		HideSolutionNode = FALSE
	EndGlobalSection
	GlobalSection(NestedProjects) = preSolution
		{F1503D1A-C4F3-4868-B7A8-BF6AF14AE0E5} = {D06D55C1-2E11-4162-9F60-792FAE7866C1}
		{3E1F2519-3F2E-40EA-852B-BAFD91B346A3} = {D06D55C1-2E11-4162-9F60-792FAE7866C1}
		{7B48121E-53D6-4933-BD92-643443BFC66B} = {25CBAAE6-0223-45B5-BD64-AE7D052D18F5}
		{73FF3DAA-9151-4872-AD6F-092481DB94E3} = {25CBAAE6-0223-45B5-BD64-AE7D052D18F5}
		{D768EE7B-35EF-42D1-BD85-B7886BF96A08} = {25CBAAE6-0223-45B5-BD64-AE7D052D18F5}
	EndGlobalSection
	GlobalSection(ExtensibilityGlobals) = postSolution
		SolutionGuid = {C5A5CF91-9732-4AF1-B814-FC9979AF5B38}
	EndGlobalSection
EndGlobal
